
Microsoft Visual Studio Solution File, Format Version 12.00
# Visual Studio Version 17
VisualStudioVersion = 17.14.36310.24 d17.14
MinimumVisualStudioVersion = 10.0.40219.1
Project("{FAE04EC0-301F-11D3-BF4B-00C04F79EFBC}") = "HelperMethods", "HelperMethods.csproj", "{62E59800-EB65-4742-AB95-8A1E756A2335}"
EndProject
Global
	GlobalSection(SolutionConfigurationPlatforms) = preSolution
		Debug|Any CPU = Debug|Any CPU
		Release|Any CPU = Release|Any CPU
	EndGlobalSection
	GlobalSection(ProjectConfigurationPlatforms) = postSolution
		{62E59800-EB65-4742-AB95-8A1E756A2335}.Debug|Any CPU.ActiveCfg = Debug|Any CPU
		{62E59800-EB65-4742-AB95-8A1E756A2335}.Debug|Any CPU.Build.0 = Debug|Any CPU
		{62E59800-EB65-4742-AB95-8A1E756A2335}.Release|Any CPU.ActiveCfg = Release|Any CPU
		{62E59800-EB65-4742-AB95-8A1E756A2335}.Release|Any CPU.Build.0 = Release|Any CPU
	EndGlobalSection
	GlobalSection(SolutionProperties) = preSolution
		HideSolutionNode = FALSE
	EndGlobalSection
	GlobalSection(ExtensibilityGlobals) = postSolution
		SolutionGuid = {92B8A070-FDCE-415C-AF41-BAA1829867B6}
	EndGlobalSection
EndGlobal
